
Microsoft Visual Studio Solution File, Format Version 12.00
# Visual Studio Version 17
VisualStudioVersion = 17.13.35919.96
MinimumVisualStudioVersion = 10.0.40219.1
Project("{2150E333-8FDC-42A3-9474-1A3956D46DE8}") = "01_VariabelenEnBewerkingen", "01_VariabelenEnBewerkingen", "{02EA681E-C7D8-13C7-8484-4AC65E1B71E8}"
EndProject
Project("{2150E333-8FDC-42A3-9474-1A3956D46DE8}") = "02_IfElseEnSelecties", "02_IfElseEnSelecties", "{32A3E2D6-6BA7-47FB-AFBE-1A9157C84934}"
EndProject
Project("{2150E333-8FDC-42A3-9474-1A3956D46DE8}") = "03_LussenEnIteraties", "03_LussenEnIteraties", "{02BB7986-756F-4585-BA73-A985FD571858}"
EndProject
Project("{2150E333-8FDC-42A3-9474-1A3956D46DE8}") = "04.Strings", "04.Strings", "{0E5EDAD1-316F-4630-836A-6E7A3D3E3A49}"
EndProject
Project("{2150E333-8FDC-42A3-9474-1A3956D46DE8}") = "05.Arrays", "05.Arrays", "{D21E6DA2-3987-4EC3-AE30-05C01073DA73}"
EndProject
Project("{FAE04EC0-301F-11D3-BF4B-00C04F79EFBC}") = "BMI-berekening", "01_Variabelen_En_Bewerkingen\BMI-berekening\BMI-berekening.csproj", "{4B128378-591C-F6C0-645E-D0092DAC3989}"
EndProject
Project("{FAE04EC0-301F-11D3-BF4B-00C04F79EFBC}") = "Brandstofkost", "01_Variabelen_En_Bewerkingen\Brandstofkost\Brandstofkost.csproj", "{336B3D90-F512-74A6-A69F-8F00B266C590}"
EndProject
Project("{FAE04EC0-301F-11D3-BF4B-00C04F79EFBC}") = "Parkeerkost", "02_IfElseEnSelecties\Parkeerkost\Parkeerkost.csproj", "{ADC83B81-27A0-E5AF-B1D7-52E857072170}"
EndProject
Project("{FAE04EC0-301F-11D3-BF4B-00C04F79EFBC}") = "Afstandsanalyse", "03_LussenEnIteraties\Afstandsanalyse\Afstandsanalyse.csproj", "{EE25F78B-5C01-BBEE-FF68-5AD231556FA0}"
EndProject
Project("{FAE04EC0-301F-11D3-BF4B-00C04F79EFBC}") = "Tafels", "03_LussenEnIteraties\Tafels\Tafels.csproj", "{CC28F102-D485-AB1F-D232-8881DD15B036}"
EndProject
Project("{2150E333-8FDC-42A3-9474-1A3956D46DE8}") = "06_Bestanden", "06_Bestanden", "{8A3B658A-CF64-4114-A97B-8A9FBCAE52DE}"
EndProject
Project("{FAE04EC0-301F-11D3-BF4B-00C04F79EFBC}") = "StadPostcode", "06_Bestanden\StadPostcode\StadPostcode.csproj", "{03753455-0C86-95D6-02CE-5EC7DBCB26A1}"
EndProject
Project("{2150E333-8FDC-42A3-9474-1A3956D46DE8}") = "07_DelegatesEnLambdas", "07_DelegatesEnLambdas", "{579A0A5B-EE2D-440F-B141-30D9D59DD7C8}"
EndProject
Project("{FAE04EC0-301F-11D3-BF4B-00C04F79EFBC}") = "DelegatesEnLambdas", "07_DelegatesEnLambdas\DelegatesEnLambdas\DelegatesEnLambdas.csproj", "{8D3AE9BD-38D2-6397-E44F-747EF2E0E443}"
EndProject
Project("{FAE04EC0-301F-11D3-BF4B-00C04F79EFBC}") = "Punten", "05_Arrays\Punten\Punten.csproj", "{D9A376B7-4917-2339-54E8-928396CBF1B4}"
EndProject
Project("{FAE04EC0-301F-11D3-BF4B-00C04F79EFBC}") = "WachtwoordGenerator", "04_Strings\WachtwoordGenerator\WachtwoordGenerator.csproj", "{79A4BEEE-1D47-C1D3-6C05-2F290C6A418D}"
EndProject
Global
	GlobalSection(SolutionConfigurationPlatforms) = preSolution
		Debug|Any CPU = Debug|Any CPU
		Release|Any CPU = Release|Any CPU
	EndGlobalSection
	GlobalSection(ProjectConfigurationPlatforms) = postSolution
		{4B128378-591C-F6C0-645E-D0092DAC3989}.Debug|Any CPU.ActiveCfg = Debug|Any CPU
		{4B128378-591C-F6C0-645E-D0092DAC3989}.Debug|Any CPU.Build.0 = Debug|Any CPU
		{4B128378-591C-F6C0-645E-D0092DAC3989}.Release|Any CPU.ActiveCfg = Release|Any CPU
		{4B128378-591C-F6C0-645E-D0092DAC3989}.Release|Any CPU.Build.0 = Release|Any CPU
		{336B3D90-F512-74A6-A69F-8F00B266C590}.Debug|Any CPU.ActiveCfg = Debug|Any CPU
		{336B3D90-F512-74A6-A69F-8F00B266C590}.Debug|Any CPU.Build.0 = Debug|Any CPU
		{336B3D90-F512-74A6-A69F-8F00B266C590}.Release|Any CPU.ActiveCfg = Release|Any CPU
		{336B3D90-F512-74A6-A69F-8F00B266C590}.Release|Any CPU.Build.0 = Release|Any CPU
		{ADC83B81-27A0-E5AF-B1D7-52E857072170}.Debug|Any CPU.ActiveCfg = Debug|Any CPU
		{ADC83B81-27A0-E5AF-B1D7-52E857072170}.Debug|Any CPU.Build.0 = Debug|Any CPU
		{ADC83B81-27A0-E5AF-B1D7-52E857072170}.Release|Any CPU.ActiveCfg = Release|Any CPU
		{ADC83B81-27A0-E5AF-B1D7-52E857072170}.Release|Any CPU.Build.0 = Release|Any CPU
		{EE25F78B-5C01-BBEE-FF68-5AD231556FA0}.Debug|Any CPU.ActiveCfg = Debug|Any CPU
		{EE25F78B-5C01-BBEE-FF68-5AD231556FA0}.Debug|Any CPU.Build.0 = Debug|Any CPU
		{EE25F78B-5C01-BBEE-FF68-5AD231556FA0}.Release|Any CPU.ActiveCfg = Release|Any CPU
		{EE25F78B-5C01-BBEE-FF68-5AD231556FA0}.Release|Any CPU.Build.0 = Release|Any CPU
		{CC28F102-D485-AB1F-D232-8881DD15B036}.Debug|Any CPU.ActiveCfg = Debug|Any CPU
		{CC28F102-D485-AB1F-D232-8881DD15B036}.Debug|Any CPU.Build.0 = Debug|Any CPU
		{CC28F102-D485-AB1F-D232-8881DD15B036}.Release|Any CPU.ActiveCfg = Release|Any CPU
		{CC28F102-D485-AB1F-D232-8881DD15B036}.Release|Any CPU.Build.0 = Release|Any CPU
		{03753455-0C86-95D6-02CE-5EC7DBCB26A1}.Debug|Any CPU.ActiveCfg = Debug|Any CPU
		{03753455-0C86-95D6-02CE-5EC7DBCB26A1}.Debug|Any CPU.Build.0 = Debug|Any CPU
		{03753455-0C86-95D6-02CE-5EC7DBCB26A1}.Release|Any CPU.ActiveCfg = Release|Any CPU
		{03753455-0C86-95D6-02CE-5EC7DBCB26A1}.Release|Any CPU.Build.0 = Release|Any CPU
		{8D3AE9BD-38D2-6397-E44F-747EF2E0E443}.Debug|Any CPU.ActiveCfg = Debug|Any CPU
		{8D3AE9BD-38D2-6397-E44F-747EF2E0E443}.Debug|Any CPU.Build.0 = Debug|Any CPU
		{8D3AE9BD-38D2-6397-E44F-747EF2E0E443}.Release|Any CPU.ActiveCfg = Release|Any CPU
		{8D3AE9BD-38D2-6397-E44F-747EF2E0E443}.Release|Any CPU.Build.0 = Release|Any CPU
		{D9A376B7-4917-2339-54E8-928396CBF1B4}.Debug|Any CPU.ActiveCfg = Debug|Any CPU
		{D9A376B7-4917-2339-54E8-928396CBF1B4}.Debug|Any CPU.Build.0 = Debug|Any CPU
		{D9A376B7-4917-2339-54E8-928396CBF1B4}.Release|Any CPU.ActiveCfg = Release|Any CPU
		{D9A376B7-4917-2339-54E8-928396CBF1B4}.Release|Any CPU.Build.0 = Release|Any CPU
		{79A4BEEE-1D47-C1D3-6C05-2F290C6A418D}.Debug|Any CPU.ActiveCfg = Debug|Any CPU
		{79A4BEEE-1D47-C1D3-6C05-2F290C6A418D}.Debug|Any CPU.Build.0 = Debug|Any CPU
		{79A4BEEE-1D47-C1D3-6C05-2F290C6A418D}.Release|Any CPU.ActiveCfg = Release|Any CPU
		{79A4BEEE-1D47-C1D3-6C05-2F290C6A418D}.Release|Any CPU.Build.0 = Release|Any CPU
	EndGlobalSection
	GlobalSection(SolutionProperties) = preSolution
		HideSolutionNode = FALSE
	EndGlobalSection
	GlobalSection(NestedProjects) = preSolution
		{4B128378-591C-F6C0-645E-D0092DAC3989} = {02EA681E-C7D8-13C7-8484-4AC65E1B71E8}
		{336B3D90-F512-74A6-A69F-8F00B266C590} = {02EA681E-C7D8-13C7-8484-4AC65E1B71E8}
		{ADC83B81-27A0-E5AF-B1D7-52E857072170} = {32A3E2D6-6BA7-47FB-AFBE-1A9157C84934}
		{EE25F78B-5C01-BBEE-FF68-5AD231556FA0} = {02BB7986-756F-4585-BA73-A985FD571858}
		{CC28F102-D485-AB1F-D232-8881DD15B036} = {02BB7986-756F-4585-BA73-A985FD571858}
		{03753455-0C86-95D6-02CE-5EC7DBCB26A1} = {8A3B658A-CF64-4114-A97B-8A9FBCAE52DE}
		{8D3AE9BD-38D2-6397-E44F-747EF2E0E443} = {579A0A5B-EE2D-440F-B141-30D9D59DD7C8}
		{D9A376B7-4917-2339-54E8-928396CBF1B4} = {D21E6DA2-3987-4EC3-AE30-05C01073DA73}
		{79A4BEEE-1D47-C1D3-6C05-2F290C6A418D} = {0E5EDAD1-316F-4630-836A-6E7A3D3E3A49}
	EndGlobalSection
	GlobalSection(ExtensibilityGlobals) = postSolution
		SolutionGuid = {0B2272CD-8407-4C2D-92B1-F2C7172E883D}
	EndGlobalSection
EndGlobal
